// !$*UTF8*$!
{
	archiveVersion = 1;
	classes = {
	};
	objectVersion = 48;
	objects = {

/* Begin PBXBuildFile section */
		BF5274031FD8469A000891BA /* AppDelegate.swift in Sources */ = {isa = PBXBuildFile; fileRef = BF5274021FD8469A000891BA /* AppDelegate.swift */; };
		BF52740B1FD8469A000891BA /* COreDataSample.xcdatamodeld in Sources */ = {isa = PBXBuildFile; fileRef = BF5274091FD8469A000891BA /* COreDataSample.xcdatamodeld */; };
		BF52740D1FD8469A000891BA /* Assets.xcassets in Resources */ = {isa = PBXBuildFile; fileRef = BF52740C1FD8469A000891BA /* Assets.xcassets */; };
		BF5274101FD8469A000891BA /* LaunchScreen.storyboard in Resources */ = {isa = PBXBuildFile; fileRef = BF52740E1FD8469A000891BA /* LaunchScreen.storyboard */; };
		BFCE65411FD93C6D00F0EF5A /* CoreDataViewController.swift in Sources */ = {isa = PBXBuildFile; fileRef = BFCE653F1FD93C6D00F0EF5A /* CoreDataViewController.swift */; };
		BFCE65421FD93C6D00F0EF5A /* CoreDataViewController.xib in Resources */ = {isa = PBXBuildFile; fileRef = BFCE65401FD93C6D00F0EF5A /* CoreDataViewController.xib */; };
/* End PBXBuildFile section */

/* Begin PBXFileReference section */
		BF5273FF1FD8469A000891BA /* COreDataSample.app */ = {isa = PBXFileReference; explicitFileType = wrapper.application; includeInIndex = 0; path = COreDataSample.app; sourceTree = BUILT_PRODUCTS_DIR; };
		BF5274021FD8469A000891BA /* AppDelegate.swift */ = {isa = PBXFileReference; lastKnownFileType = sourcecode.swift; path = AppDelegate.swift; sourceTree = "<group>"; };
		BF52740A1FD8469A000891BA /* COreDataSample.xcdatamodel */ = {isa = PBXFileReference; lastKnownFileType = wrapper.xcdatamodel; path = COreDataSample.xcdatamodel; sourceTree = "<group>"; };
		BF52740C1FD8469A000891BA /* Assets.xcassets */ = {isa = PBXFileReference; lastKnownFileType = folder.assetcatalog; path = Assets.xcassets; sourceTree = "<group>"; };
		BF52740F1FD8469A000891BA /* Base */ = {isa = PBXFileReference; lastKnownFileType = file.storyboard; name = Base; path = Base.lproj/LaunchScreen.storyboard; sourceTree = "<group>"; };
		BF5274111FD8469A000891BA /* Info.plist */ = {isa = PBXFileReference; lastKnownFileType = text.plist.xml; path = Info.plist; sourceTree = "<group>"; };
		BFCE653F1FD93C6D00F0EF5A /* CoreDataViewController.swift */ = {isa = PBXFileReference; lastKnownFileType = sourcecode.swift; path = CoreDataViewController.swift; sourceTree = "<group>"; };
		BFCE65401FD93C6D00F0EF5A /* CoreDataViewController.xib */ = {isa = PBXFileReference; lastKnownFileType = file.xib; path = CoreDataViewController.xib; sourceTree = "<group>"; };
/* End PBXFileReference section */

/* Begin PBXFrameworksBuildPhase section */
		BF5273FC1FD8469A000891BA /* Frameworks */ = {
			isa = PBXFrameworksBuildPhase;
			buildActionMask = 2147483647;
			files = (
			);
			runOnlyForDeploymentPostprocessing = 0;
		};
/* End PBXFrameworksBuildPhase section */

/* Begin PBXGroup section */
		BF5273F61FD84699000891BA = {
			isa = PBXGroup;
			children = (
				BF5274011FD8469A000891BA /* COreDataSample */,
				BF5274001FD8469A000891BA /* Products */,
			);
			sourceTree = "<group>";
		};
		BF5274001FD8469A000891BA /* Products */ = {
			isa = PBXGroup;
			children = (
				BF5273FF1FD8469A000891BA /* COreDataSample.app */,
			);
			name = Products;
			sourceTree = "<group>";
		};
		BF5274011FD8469A000891BA /* COreDataSample */ = {
			isa = PBXGroup;
			children = (
				BF5274021FD8469A000891BA /* AppDelegate.swift */,
				BF52740C1FD8469A000891BA /* Assets.xcassets */,
				BF52740E1FD8469A000891BA /* LaunchScreen.storyboard */,
				BF5274111FD8469A000891BA /* Info.plist */,
				BF5274091FD8469A000891BA /* COreDataSample.xcdatamodeld */,
				BFCE653F1FD93C6D00F0EF5A /* CoreDataViewController.swift */,
				BFCE65401FD93C6D00F0EF5A /* CoreDataViewController.xib */,
			);
			path = COreDataSample;
			sourceTree = "<group>";
		};
/* End PBXGroup section */

/* Begin PBXNativeTarget section */
		BF5273FE1FD8469A000891BA /* COreDataSample */ = {
			isa = PBXNativeTarget;
			buildConfigurationList = BF5274141FD8469A000891BA /* Build configuration list for PBXNativeTarget "COreDataSample" */;
			buildPhases = (
				BF5273FB1FD8469A000891BA /* Sources */,
				BF5273FC1FD8469A000891BA /* Frameworks */,
				BF5273FD1FD8469A000891BA /* Resources */,
			);
			buildRules = (
			);
			dependencies = (
			);
			name = COreDataSample;
			productName = COreDataSample;
			productReference = BF5273FF1FD8469A000891BA /* COreDataSample.app */;
			productType = "com.apple.product-type.application";
		};
/* End PBXNativeTarget section */

/* Begin PBXProject section */
		BF5273F71FD84699000891BA /* Project object */ = {
			isa = PBXProject;
			attributes = {
				LastSwiftUpdateCheck = 0910;
				LastUpgradeCheck = 0910;
				ORGANIZATIONNAME = "Fodé Guirassy";
				TargetAttributes = {
					BF5273FE1FD8469A000891BA = {
						CreatedOnToolsVersion = 9.1;
						ProvisioningStyle = Automatic;
					};
				};
			};
			buildConfigurationList = BF5273FA1FD84699000891BA /* Build configuration list for PBXProject "COreDataSample" */;
			compatibilityVersion = "Xcode 8.0";
			developmentRegion = en;
			hasScannedForEncodings = 0;
			knownRegions = (
				en,
				Base,
			);
			mainGroup = BF5273F61FD84699000891BA;
			productRefGroup = BF5274001FD8469A000891BA /* Products */;
			projectDirPath = "";
			projectRoot = "";
			targets = (
				BF5273FE1FD8469A000891BA /* COreDataSample */,
			);
		};
/* End PBXProject section */

/* Begin PBXResourcesBuildPhase section */
		BF5273FD1FD8469A000891BA /* Resources */ = {
			isa = PBXResourcesBuildPhase;
			buildActionMask = 2147483647;
			files = (
				BF5274101FD8469A000891BA /* LaunchScreen.storyboard in Resources */,
				BF52740D1FD8469A000891BA /* Assets.xcassets in Resources */,
				BFCE65421FD93C6D00F0EF5A /* CoreDataViewController.xib in Resources */,
			);
			runOnlyForDeploymentPostprocessing = 0;
		};
/* End PBXResourcesBuildPhase section */

/* Begin PBXSourcesBuildPhase section */
		BF5273FB1FD8469A000891BA /* Sources */ = {
			isa = PBXSourcesBuildPhase;
			buildActionMask = 2147483647;
			files = (
				BFCE65411FD93C6D00F0EF5A /* CoreDataViewController.swift in Sources */,
				BF52740B1FD8469A000891BA /* COreDataSample.xcdatamodeld in Sources */,
				BF5274031FD8469A000891BA /* AppDelegate.swift in Sources */,
			);
			runOnlyForDeploymentPostprocessing = 0;
		};
/* End PBXSourcesBuildPhase section */

/* Begin PBXVariantGroup section */
		BF52740E1FD8469A000891BA /* LaunchScreen.storyboard */ = {
			isa = PBXVariantGroup;
			children = (
				BF52740F1FD8469A000891BA /* Base */,
			);
			name = LaunchScreen.storyboard;
			sourceTree = "<group>";
		};
/* End PBXVariantGroup section */

/* Begin XCBuildConfiguration section */
		BF5274121FD8469A000891BA /* Debug */ = {
			isa = XCBuildConfiguration;
			buildSettings = {
				ALWAYS_SEARCH_USER_PATHS = NO;
				CLANG_ANALYZER_NONNULL = YES;
				CLANG_ANALYZER_NUMBER_OBJECT_CONVERSION = YES_AGGRESSIVE;
				CLANG_CXX_LANGUAGE_STANDARD = "gnu++14";
				CLANG_CXX_LIBRARY = "libc++";
				CLANG_ENABLE_MODULES = YES;
				CLANG_ENABLE_OBJC_ARC = YES;
				CLANG_WARN_BLOCK_CAPTURE_AUTORELEASING = YES;
				CLANG_WARN_BOOL_CONVERSION = YES;
				CLANG_WARN_COMMA = YES;
				CLANG_WARN_CONSTANT_CONVERSION = YES;
				CLANG_WARN_DIRECT_OBJC_ISA_USAGE = YES_ERROR;
				CLANG_WARN_DOCUMENTATION_COMMENTS = YES;
				CLANG_WARN_EMPTY_BODY = YES;
				CLANG_WARN_ENUM_CONVERSION = YES;
				CLANG_WARN_INFINITE_RECURSION = YES;
				CLANG_WARN_INT_CONVERSION = YES;
				CLANG_WARN_NON_LITERAL_NULL_CONVERSION = YES;
				CLANG_WARN_OBJC_LITERAL_CONVERSION = YES;
				CLANG_WARN_OBJC_ROOT_CLASS = YES_ERROR;
				CLANG_WARN_RANGE_LOOP_ANALYSIS = YES;
				CLANG_WARN_STRICT_PROTOTYPES = YES;
				CLANG_WARN_SUSPICIOUS_MOVE = YES;
				CLANG_WARN_UNGUARDED_AVAILABILITY = YES_AGGRESSIVE;
				CLANG_WARN_UNREACHABLE_CODE = YES;
				CLANG_WARN__DUPLICATE_METHOD_MATCH = YES;
				CODE_SIGN_IDENTITY = "iPhone Developer";
				COPY_PHASE_STRIP = NO;
				DEBUG_INFORMATION_FORMAT = dwarf;
				ENABLE_STRICT_OBJC_MSGSEND = YES;
				ENABLE_TESTABILITY = YES;
				GCC_C_LANGUAGE_STANDARD = gnu11;
				GCC_DYNAMIC_NO_PIC = NO;
				GCC_NO_COMMON_BLOCKS = YES;
				GCC_OPTIMIZATION_LEVEL = 0;
				GCC_PREPROCESSOR_DEFINITIONS = (
					"DEBUG=1",
					"$(inherited)",
				);
				GCC_WARN_64_TO_32_BIT_CONVERSION = YES;
				GCC_WARN_ABOUT_RETURN_TYPE = YES_ERROR;
				GCC_WARN_UNDECLARED_SELECTOR = YES;
				GCC_WARN_UNINITIALIZED_AUTOS = YES_AGGRESSIVE;
				GCC_WARN_UNUSED_FUNCTION = YES;
				GCC_WARN_UNUSED_VARIABLE = YES;
				IPHONEOS_DEPLOYMENT_TARGET = 11.1;
				MTL_ENABLE_DEBUG_INFO = YES;
				ONLY_ACTIVE_ARCH = YES;
				SDKROOT = iphoneos;
				SWIFT_ACTIVE_COMPILATION_CONDITIONS = DEBUG;
				SWIFT_OPTIMIZATION_LEVEL = "-Onone";
			};
			name = Debug;
		};
		BF5274131FD8469A000891BA /* Release */ = {
			isa = XCBuildConfiguration;
			buildSettings = {
				ALWAYS_SEARCH_USER_PATHS = NO;
				CLANG_ANALYZER_NONNULL = YES;
				CLANG_ANALYZER_NUMBER_OBJECT_CONVERSION = YES_AGGRESSIVE;
				CLANG_CXX_LANGUAGE_STANDARD = "gnu++14";
				CLANG_CXX_LIBRARY = "libc++";
				CLANG_ENABLE_MODULES = YES;
				CLANG_ENABLE_OBJC_ARC = YES;
				CLANG_WARN_BLOCK_CAPTURE_AUTORELEASING = YES;
				CLANG_WARN_BOOL_CONVERSION = YES;
				CLANG_WARN_COMMA = YES;
				CLANG_WARN_CONSTANT_CONVERSION = YES;
				CLANG_WARN_DIRECT_OBJC_ISA_USAGE = YES_ERROR;
				CLANG_WARN_DOCUMENTATION_COMMENTS = YES;
				CLANG_WARN_EMPTY_BODY = YES;
				CLANG_WARN_ENUM_CONVERSION = YES;
				CLANG_WARN_INFINITE_RECURSION = YES;
				CLANG_WARN_INT_CONVERSION = YES;
				CLANG_WARN_NON_LITERAL_NULL_CONVERSION = YES;
				CLANG_WARN_OBJC_LITERAL_CONVERSION = YES;
				CLANG_WARN_OBJC_ROOT_CLASS = YES_ERROR;
				CLANG_WARN_RANGE_LOOP_ANALYSIS = YES;
				CLANG_WARN_STRICT_PROTOTYPES = YES;
				CLANG_WARN_SUSPICIOUS_MOVE = YES;
				CLANG_WARN_UNGUARDED_AVAILABILITY = YES_AGGRESSIVE;
				CLANG_WARN_UNREACHABLE_CODE = YES;
				CLANG_WARN__DUPLICATE_METHOD_MATCH = YES;
				CODE_SIGN_IDENTITY = "iPhone Developer";
				COPY_PHASE_STRIP = NO;
				DEBUG_INFORMATION_FORMAT = "dwarf-with-dsym";
				ENABLE_NS_ASSERTIONS = NO;
				ENABLE_STRICT_OBJC_MSGSEND = YES;
				GCC_C_LANGUAGE_STANDARD = gnu11;
				GCC_NO_COMMON_BLOCKS = YES;
				GCC_WARN_64_TO_32_BIT_CONVERSION = YES;
				GCC_WARN_ABOUT_RETURN_TYPE = YES_ERROR;
				GCC_WARN_UNDECLARED_SELECTOR = YES;
				GCC_WARN_UNINITIALIZED_AUTOS = YES_AGGRESSIVE;
				GCC_WARN_UNUSED_FUNCTION = YES;
				GCC_WARN_UNUSED_VARIABLE = YES;
				IPHONEOS_DEPLOYMENT_TARGET = 11.1;
				MTL_ENABLE_DEBUG_INFO = NO;
				SDKROOT = iphoneos;
				SWIFT_OPTIMIZATION_LEVEL = "-Owholemodule";
				VALIDATE_PRODUCT = YES;
			};
			name = Release;
		};
		BF5274151FD8469A000891BA /* Debug */ = {
			isa = XCBuildConfiguration;
			buildSettings = {
				ASSETCATALOG_COMPILER_APPICON_NAME = AppIcon;
				CODE_SIGN_STYLE = Automatic;
				INFOPLIST_FILE = COreDataSample/Info.plist;
				LD_RUNPATH_SEARCH_PATHS = "$(inherited) @executable_path/Frameworks";
				PRODUCT_BUNDLE_IDENTIFIER = com.fodeguirassy.COreDataSample;
				PRODUCT_NAME = "$(TARGET_NAME)";
				SWIFT_VERSION = 4.0;
				TARGETED_DEVICE_FAMILY = "1,2";
			};
			name = Debug;
		};
		BF5274161FD8469A000891BA /* Release */ = {
			isa = XCBuildConfiguration;
			buildSettings = {
				ASSETCATALOG_COMPILER_APPICON_NAME = AppIcon;
				CODE_SIGN_STYLE = Automatic;
				INFOPLIST_FILE = COreDataSample/Info.plist;
				LD_RUNPATH_SEARCH_PATHS = "$(inherited) @executable_path/Frameworks";
				PRODUCT_BUNDLE_IDENTIFIER = com.fodeguirassy.COreDataSample;
				PRODUCT_NAME = "$(TARGET_NAME)";
				SWIFT_VERSION = 4.0;
				TARGETED_DEVICE_FAMILY = "1,2";
			};
			name = Release;
		};
/* End XCBuildConfiguration section */

/* Begin XCConfigurationList section */
		BF5273FA1FD84699000891BA /* Build configuration list for PBXProject "COreDataSample" */ = {
			isa = XCConfigurationList;
			buildConfigurations = (
				BF5274121FD8469A000891BA /* Debug */,
				BF5274131FD8469A000891BA /* Release */,
			);
			defaultConfigurationIsVisible = 0;
			defaultConfigurationName = Release;
		};
		BF5274141FD8469A000891BA /* Build configuration list for PBXNativeTarget "COreDataSample" */ = {
			isa = XCConfigurationList;
			buildConfigurations = (
				BF5274151FD8469A000891BA /* Debug */,
				BF5274161FD8469A000891BA /* Release */,
			);
			defaultConfigurationIsVisible = 0;
			defaultConfigurationName = Release;
		};
/* End XCConfigurationList section */

/* Begin XCVersionGroup section */
		BF5274091FD8469A000891BA /* COreDataSample.xcdatamodeld */ = {
			isa = XCVersionGroup;
			children = (
				BF52740A1FD8469A000891BA /* COreDataSample.xcdatamodel */,
			);
			currentVersion = BF52740A1FD8469A000891BA /* COreDataSample.xcdatamodel */;
			path = COreDataSample.xcdatamodeld;
			sourceTree = "<group>";
			versionGroupType = wrapper.xcdatamodel;
		};
/* End XCVersionGroup section */
	};
	rootObject = BF5273F71FD84699000891BA /* Project object */;
}
